<?xml version="1.0" encoding="utf-8"?>
<Project ToolsVersion="4.0" xmlns="http://schemas.microsoft.com/developer/msbuild/2003">
  <ItemGroup>
    <ClCompile Include="tol.cpp" />
    <ClCompile Include="VectorOps.cpp" />
    <ClCompile Include="xmvec3.cpp" />
    <ClCompile Include="InitFunctions.cpp" />
  </ItemGroup>
</Project>